
Microsoft Visual Studio Solution File, Format Version 12.00
# Visual Studio Version 16
VisualStudioVersion = 16.0.29709.97
MinimumVisualStudioVersion = 10.0.40219.1
Project("{9A19103F-16F7-4668-BE54-9A1E7A4F7556}") = "TEP.Servicos.Api", "TEP.Servicos.Api\TEP.Servicos.Api.csproj", "{EEA2CEA4-0523-47CF-986E-8E330B2BC8A9}"
EndProject
Project("{2150E333-8FDC-42A3-9474-1A3956D46DE8}") = "01-Presentation", "01-Presentation", "{89E7464B-0BEA-404A-969C-ED0049D1A950}"
EndProject
Project("{2150E333-8FDC-42A3-9474-1A3956D46DE8}") = "02-Services", "02-Services", "{76455AFB-AC5A-4F06-A6AC-A79C97D87D1F}"
EndProject
Project("{2150E333-8FDC-42A3-9474-1A3956D46DE8}") = "03-Application", "03-Application", "{7FB3EEE1-E7AF-4BE8-B46C-C9A3053DF3B0}"
EndProject
Project("{2150E333-8FDC-42A3-9474-1A3956D46DE8}") = "04-Domain", "04-Domain", "{4A593679-C42F-4581-980A-0873CA0403FE}"
EndProject
Project("{2150E333-8FDC-42A3-9474-1A3956D46DE8}") = "05-Infra", "05-Infra", "{C5FF4ADC-8E4B-4DA4-9901-0D6EA135BCC4}"
EndProject
Project("{9A19103F-16F7-4668-BE54-9A1E7A4F7556}") = "TEP.Domain", "TEP.Domain\TEP.Domain.csproj", "{3EDA2AFF-DB3B-44FC-828D-62910D7C8016}"
EndProject
Project("{9A19103F-16F7-4668-BE54-9A1E7A4F7556}") = "TEP.Infra.Data", "TEP.Infra.Data\TEP.Infra.Data.csproj", "{C92E1CB1-3A5B-4239-8DC2-AF79B2D4B6D2}"
EndProject
Project("{9A19103F-16F7-4668-BE54-9A1E7A4F7556}") = "TEP.Infra.IoC", "TEP.Infra.IoC\TEP.Infra.IoC.csproj", "{7FF5A398-765C-451C-A287-E401F98279AD}"
EndProject
Project("{9A19103F-16F7-4668-BE54-9A1E7A4F7556}") = "TEP.Appication", "TEP.Appication\TEP.Appication.csproj", "{5861180B-25D5-4542-BD86-C62E3E079862}"
EndProject
Project("{2150E333-8FDC-42A3-9474-1A3956D46DE8}") = "Tests", "Tests", "{DA3E4145-33E0-4926-AC4E-49C51A8BB207}"
EndProject
Project("{2150E333-8FDC-42A3-9474-1A3956D46DE8}") = "Docs", "Docs", "{32508329-FD2A-4044-B1E0-D17A7C893C52}"
	ProjectSection(SolutionItems) = preProject
		..\..\..\Desktop\TEP documentation\classes0.png = ..\..\..\Desktop\TEP documentation\classes0.png
	EndProjectSection
EndProject
Global
	GlobalSection(SolutionConfigurationPlatforms) = preSolution
		Debug|Any CPU = Debug|Any CPU
		Release|Any CPU = Release|Any CPU
	EndGlobalSection
	GlobalSection(ProjectConfigurationPlatforms) = postSolution
		{EEA2CEA4-0523-47CF-986E-8E330B2BC8A9}.Debug|Any CPU.ActiveCfg = Debug|Any CPU
		{EEA2CEA4-0523-47CF-986E-8E330B2BC8A9}.Debug|Any CPU.Build.0 = Debug|Any CPU
		{EEA2CEA4-0523-47CF-986E-8E330B2BC8A9}.Release|Any CPU.ActiveCfg = Release|Any CPU
		{EEA2CEA4-0523-47CF-986E-8E330B2BC8A9}.Release|Any CPU.Build.0 = Release|Any CPU
		{3EDA2AFF-DB3B-44FC-828D-62910D7C8016}.Debug|Any CPU.ActiveCfg = Debug|Any CPU
		{3EDA2AFF-DB3B-44FC-828D-62910D7C8016}.Debug|Any CPU.Build.0 = Debug|Any CPU
		{3EDA2AFF-DB3B-44FC-828D-62910D7C8016}.Release|Any CPU.ActiveCfg = Release|Any CPU
		{3EDA2AFF-DB3B-44FC-828D-62910D7C8016}.Release|Any CPU.Build.0 = Release|Any CPU
		{C92E1CB1-3A5B-4239-8DC2-AF79B2D4B6D2}.Debug|Any CPU.ActiveCfg = Debug|Any CPU
		{C92E1CB1-3A5B-4239-8DC2-AF79B2D4B6D2}.Debug|Any CPU.Build.0 = Debug|Any CPU
		{C92E1CB1-3A5B-4239-8DC2-AF79B2D4B6D2}.Release|Any CPU.ActiveCfg = Release|Any CPU
		{C92E1CB1-3A5B-4239-8DC2-AF79B2D4B6D2}.Release|Any CPU.Build.0 = Release|Any CPU
		{7FF5A398-765C-451C-A287-E401F98279AD}.Debug|Any CPU.ActiveCfg = Debug|Any CPU
		{7FF5A398-765C-451C-A287-E401F98279AD}.Debug|Any CPU.Build.0 = Debug|Any CPU
		{7FF5A398-765C-451C-A287-E401F98279AD}.Release|Any CPU.ActiveCfg = Release|Any CPU
		{7FF5A398-765C-451C-A287-E401F98279AD}.Release|Any CPU.Build.0 = Release|Any CPU
		{5861180B-25D5-4542-BD86-C62E3E079862}.Debug|Any CPU.ActiveCfg = Debug|Any CPU
		{5861180B-25D5-4542-BD86-C62E3E079862}.Debug|Any CPU.Build.0 = Debug|Any CPU
		{5861180B-25D5-4542-BD86-C62E3E079862}.Release|Any CPU.ActiveCfg = Release|Any CPU
		{5861180B-25D5-4542-BD86-C62E3E079862}.Release|Any CPU.Build.0 = Release|Any CPU
	EndGlobalSection
	GlobalSection(SolutionProperties) = preSolution
		HideSolutionNode = FALSE
	EndGlobalSection
	GlobalSection(NestedProjects) = preSolution
		{EEA2CEA4-0523-47CF-986E-8E330B2BC8A9} = {76455AFB-AC5A-4F06-A6AC-A79C97D87D1F}
		{3EDA2AFF-DB3B-44FC-828D-62910D7C8016} = {4A593679-C42F-4581-980A-0873CA0403FE}
		{C92E1CB1-3A5B-4239-8DC2-AF79B2D4B6D2} = {C5FF4ADC-8E4B-4DA4-9901-0D6EA135BCC4}
		{7FF5A398-765C-451C-A287-E401F98279AD} = {C5FF4ADC-8E4B-4DA4-9901-0D6EA135BCC4}
		{5861180B-25D5-4542-BD86-C62E3E079862} = {7FB3EEE1-E7AF-4BE8-B46C-C9A3053DF3B0}
	EndGlobalSection
	GlobalSection(ExtensibilityGlobals) = postSolution
		SolutionGuid = {66D034E1-58B9-4DA6-B9C3-C564BF4425F9}
	EndGlobalSection
EndGlobal
