
Microsoft Visual Studio Solution File, Format Version 12.00
# Visual Studio Version 16
VisualStudioVersion = 16.0.29709.97
MinimumVisualStudioVersion = 10.0.40219.1
Project("{9A19103F-16F7-4668-BE54-9A1E7A4F7556}") = "TEP.Servicos.Api", "TEP.Servicos.Api\TEP.Servicos.Api.csproj", "{EEA2CEA4-0523-47CF-986E-8E330B2BC8A9}"
EndProject
Project("{2150E333-8FDC-42A3-9474-1A3956D46DE8}") = "01-Presentation", "01-Presentation", "{89E7464B-0BEA-404A-969C-ED0049D1A950}"
EndProject
Project("{2150E333-8FDC-42A3-9474-1A3956D46DE8}") = "02-Services", "02-Services", "{76455AFB-AC5A-4F06-A6AC-A79C97D87D1F}"
EndProject
Project("{2150E333-8FDC-42A3-9474-1A3956D46DE8}") = "03-Application", "03-Application", "{7FB3EEE1-E7AF-4BE8-B46C-C9A3053DF3B0}"
EndProject
Project("{2150E333-8FDC-42A3-9474-1A3956D46DE8}") = "04-Domain", "04-Domain", "{4A593679-C42F-4581-980A-0873CA0403FE}"
EndProject
Project("{2150E333-8FDC-42A3-9474-1A3956D46DE8}") = "05-Infra", "05-Infra", "{C5FF4ADC-8E4B-4DA4-9901-0D6EA135BCC4}"
EndProject
Project("{9A19103F-16F7-4668-BE54-9A1E7A4F7556}") = "TEP.Domain", "TEP.Domain\TEP.Domain.csproj", "{3EDA2AFF-DB3B-44FC-828D-62910D7C8016}"
EndProject
Project("{9A19103F-16F7-4668-BE54-9A1E7A4F7556}") = "TEP.Infra.Data", "TEP.Infra.Data\TEP.Infra.Data.csproj", "{C92E1CB1-3A5B-4239-8DC2-AF79B2D4B6D2}"
EndProject
Project("{9A19103F-16F7-4668-BE54-9A1E7A4F7556}") = "TEP.Infra.IoC", "TEP.Infra.IoC\TEP.Infra.IoC.csproj", "{7FF5A398-765C-451C-A287-E401F98279AD}"
EndProject
Project("{9A19103F-16F7-4668-BE54-9A1E7A4F7556}") = "TEP.Appication", "TEP.Appication\TEP.Appication.csproj", "{5861180B-25D5-4542-BD86-C62E3E079862}"
EndProject
Project("{2150E333-8FDC-42A3-9474-1A3956D46DE8}") = "Tests", "Tests", "{DA3E4145-33E0-4926-AC4E-49C51A8BB207}"
EndProject
Project("{2150E333-8FDC-42A3-9474-1A3956D46DE8}") = "Docs", "Docs", "{EDA9EF5B-6E33-48BF-BE8E-FF7C43D04831}"
EndProject
Project("{9A19103F-16F7-4668-BE54-9A1E7A4F7556}") = "TEP.Shared", "TEP.Shared\TEP.Shared.csproj", "{CF5E8B43-3955-4072-A8BF-8E60C01F0AC0}"
EndProject
Project("{9A19103F-16F7-4668-BE54-9A1E7A4F7556}") = "TEP.Domain.Tests", "TEP.Domain.Tests\TEP.Domain.Tests.csproj", "{A3DE94B2-3D95-49C1-8FA3-F009341B0D40}"
EndProject
Project("{9A19103F-16F7-4668-BE54-9A1E7A4F7556}") = "TEP.Application.Tests", "TEP.Application.Tests\TEP.Application.Tests.csproj", "{0F90770D-FD3B-4448-8952-CA5FE270A08D}"
EndProject
Project("{9A19103F-16F7-4668-BE54-9A1E7A4F7556}") = "TEP.Infre.Tests", "TEP.Infre.Tests\TEP.Infre.Tests.csproj", "{8F809B51-612E-4CE9-8ECF-31B33EEBE64E}"
EndProject
Project("{9A19103F-16F7-4668-BE54-9A1E7A4F7556}") = "TEP.IntegrationTest.API", "TEP.IntegrationTest.API\TEP.IntegrationTest.API.csproj", "{BE6F2AFF-E1BE-4DF4-AC19-B3EA63A6D46D}"
EndProject
Project("{FAE04EC0-301F-11D3-BF4B-00C04F79EFBC}") = "TEP.Services.AuthProvider", "TEP.Services.AuthProvider\TEP.Services.AuthProvider.csproj", "{807D66DF-9861-4646-8A14-2BE0895A0DB3}"
EndProject
Global
	GlobalSection(SolutionConfigurationPlatforms) = preSolution
		Debug|Any CPU = Debug|Any CPU
		Release|Any CPU = Release|Any CPU
	EndGlobalSection
	GlobalSection(ProjectConfigurationPlatforms) = postSolution
		{EEA2CEA4-0523-47CF-986E-8E330B2BC8A9}.Debug|Any CPU.ActiveCfg = Debug|Any CPU
		{EEA2CEA4-0523-47CF-986E-8E330B2BC8A9}.Debug|Any CPU.Build.0 = Debug|Any CPU
		{EEA2CEA4-0523-47CF-986E-8E330B2BC8A9}.Release|Any CPU.ActiveCfg = Release|Any CPU
		{EEA2CEA4-0523-47CF-986E-8E330B2BC8A9}.Release|Any CPU.Build.0 = Release|Any CPU
		{3EDA2AFF-DB3B-44FC-828D-62910D7C8016}.Debug|Any CPU.ActiveCfg = Debug|Any CPU
		{3EDA2AFF-DB3B-44FC-828D-62910D7C8016}.Debug|Any CPU.Build.0 = Debug|Any CPU
		{3EDA2AFF-DB3B-44FC-828D-62910D7C8016}.Release|Any CPU.ActiveCfg = Release|Any CPU
		{3EDA2AFF-DB3B-44FC-828D-62910D7C8016}.Release|Any CPU.Build.0 = Release|Any CPU
		{C92E1CB1-3A5B-4239-8DC2-AF79B2D4B6D2}.Debug|Any CPU.ActiveCfg = Debug|Any CPU
		{C92E1CB1-3A5B-4239-8DC2-AF79B2D4B6D2}.Debug|Any CPU.Build.0 = Debug|Any CPU
		{C92E1CB1-3A5B-4239-8DC2-AF79B2D4B6D2}.Release|Any CPU.ActiveCfg = Release|Any CPU
		{C92E1CB1-3A5B-4239-8DC2-AF79B2D4B6D2}.Release|Any CPU.Build.0 = Release|Any CPU
		{7FF5A398-765C-451C-A287-E401F98279AD}.Debug|Any CPU.ActiveCfg = Debug|Any CPU
		{7FF5A398-765C-451C-A287-E401F98279AD}.Debug|Any CPU.Build.0 = Debug|Any CPU
		{7FF5A398-765C-451C-A287-E401F98279AD}.Release|Any CPU.ActiveCfg = Release|Any CPU
		{7FF5A398-765C-451C-A287-E401F98279AD}.Release|Any CPU.Build.0 = Release|Any CPU
		{5861180B-25D5-4542-BD86-C62E3E079862}.Debug|Any CPU.ActiveCfg = Debug|Any CPU
		{5861180B-25D5-4542-BD86-C62E3E079862}.Debug|Any CPU.Build.0 = Debug|Any CPU
		{5861180B-25D5-4542-BD86-C62E3E079862}.Release|Any CPU.ActiveCfg = Release|Any CPU
		{5861180B-25D5-4542-BD86-C62E3E079862}.Release|Any CPU.Build.0 = Release|Any CPU
		{CF5E8B43-3955-4072-A8BF-8E60C01F0AC0}.Debug|Any CPU.ActiveCfg = Debug|Any CPU
		{CF5E8B43-3955-4072-A8BF-8E60C01F0AC0}.Debug|Any CPU.Build.0 = Debug|Any CPU
		{CF5E8B43-3955-4072-A8BF-8E60C01F0AC0}.Release|Any CPU.ActiveCfg = Release|Any CPU
		{CF5E8B43-3955-4072-A8BF-8E60C01F0AC0}.Release|Any CPU.Build.0 = Release|Any CPU
		{A3DE94B2-3D95-49C1-8FA3-F009341B0D40}.Debug|Any CPU.ActiveCfg = Debug|Any CPU
		{A3DE94B2-3D95-49C1-8FA3-F009341B0D40}.Debug|Any CPU.Build.0 = Debug|Any CPU
		{A3DE94B2-3D95-49C1-8FA3-F009341B0D40}.Release|Any CPU.ActiveCfg = Release|Any CPU
		{A3DE94B2-3D95-49C1-8FA3-F009341B0D40}.Release|Any CPU.Build.0 = Release|Any CPU
		{0F90770D-FD3B-4448-8952-CA5FE270A08D}.Debug|Any CPU.ActiveCfg = Debug|Any CPU
		{0F90770D-FD3B-4448-8952-CA5FE270A08D}.Debug|Any CPU.Build.0 = Debug|Any CPU
		{0F90770D-FD3B-4448-8952-CA5FE270A08D}.Release|Any CPU.ActiveCfg = Release|Any CPU
		{0F90770D-FD3B-4448-8952-CA5FE270A08D}.Release|Any CPU.Build.0 = Release|Any CPU
		{8F809B51-612E-4CE9-8ECF-31B33EEBE64E}.Debug|Any CPU.ActiveCfg = Debug|Any CPU
		{8F809B51-612E-4CE9-8ECF-31B33EEBE64E}.Debug|Any CPU.Build.0 = Debug|Any CPU
		{8F809B51-612E-4CE9-8ECF-31B33EEBE64E}.Release|Any CPU.ActiveCfg = Release|Any CPU
		{8F809B51-612E-4CE9-8ECF-31B33EEBE64E}.Release|Any CPU.Build.0 = Release|Any CPU
		{BE6F2AFF-E1BE-4DF4-AC19-B3EA63A6D46D}.Debug|Any CPU.ActiveCfg = Debug|Any CPU
		{BE6F2AFF-E1BE-4DF4-AC19-B3EA63A6D46D}.Debug|Any CPU.Build.0 = Debug|Any CPU
		{BE6F2AFF-E1BE-4DF4-AC19-B3EA63A6D46D}.Release|Any CPU.ActiveCfg = Release|Any CPU
		{BE6F2AFF-E1BE-4DF4-AC19-B3EA63A6D46D}.Release|Any CPU.Build.0 = Release|Any CPU
		{807D66DF-9861-4646-8A14-2BE0895A0DB3}.Debug|Any CPU.ActiveCfg = Debug|Any CPU
		{807D66DF-9861-4646-8A14-2BE0895A0DB3}.Debug|Any CPU.Build.0 = Debug|Any CPU
		{807D66DF-9861-4646-8A14-2BE0895A0DB3}.Release|Any CPU.ActiveCfg = Release|Any CPU
		{807D66DF-9861-4646-8A14-2BE0895A0DB3}.Release|Any CPU.Build.0 = Release|Any CPU
	EndGlobalSection
	GlobalSection(SolutionProperties) = preSolution
		HideSolutionNode = FALSE
	EndGlobalSection
	GlobalSection(NestedProjects) = preSolution
		{EEA2CEA4-0523-47CF-986E-8E330B2BC8A9} = {76455AFB-AC5A-4F06-A6AC-A79C97D87D1F}
		{3EDA2AFF-DB3B-44FC-828D-62910D7C8016} = {4A593679-C42F-4581-980A-0873CA0403FE}
		{C92E1CB1-3A5B-4239-8DC2-AF79B2D4B6D2} = {C5FF4ADC-8E4B-4DA4-9901-0D6EA135BCC4}
		{7FF5A398-765C-451C-A287-E401F98279AD} = {C5FF4ADC-8E4B-4DA4-9901-0D6EA135BCC4}
		{5861180B-25D5-4542-BD86-C62E3E079862} = {7FB3EEE1-E7AF-4BE8-B46C-C9A3053DF3B0}
		{A3DE94B2-3D95-49C1-8FA3-F009341B0D40} = {DA3E4145-33E0-4926-AC4E-49C51A8BB207}
		{0F90770D-FD3B-4448-8952-CA5FE270A08D} = {DA3E4145-33E0-4926-AC4E-49C51A8BB207}
		{8F809B51-612E-4CE9-8ECF-31B33EEBE64E} = {DA3E4145-33E0-4926-AC4E-49C51A8BB207}
		{BE6F2AFF-E1BE-4DF4-AC19-B3EA63A6D46D} = {DA3E4145-33E0-4926-AC4E-49C51A8BB207}
		{807D66DF-9861-4646-8A14-2BE0895A0DB3} = {76455AFB-AC5A-4F06-A6AC-A79C97D87D1F}
	EndGlobalSection
	GlobalSection(ExtensibilityGlobals) = postSolution
		SolutionGuid = {66D034E1-58B9-4DA6-B9C3-C564BF4425F9}
	EndGlobalSection
EndGlobal
